
Microsoft Visual Studio Solution File, Format Version 12.00
# Visual Studio Version 17
VisualStudioVersion = 17.12.35527.113
MinimumVisualStudioVersion = 10.0.40219.1
Project("{2150E333-8FDC-42A3-9474-1A3956D46DE8}") = "Client", "Client", "{1FFF7C6B-C665-4F70-8887-D8E29D08E253}"
EndProject
Project("{FAE04EC0-301F-11D3-BF4B-00C04F79EFBC}") = "WpfClient", "src\Client\WpfClient\WpfClient.csproj", "{344497CB-0B53-4ADC-9F2D-8CF86F67E108}"
EndProject
Project("{2150E333-8FDC-42A3-9474-1A3956D46DE8}") = "Server", "Server", "{0E9130AD-5DD3-482C-80F8-B468227C763E}"
EndProject
Project("{FAE04EC0-301F-11D3-BF4B-00C04F79EFBC}") = "Server.Api", "src\Server\Server.Api\Server.Api.csproj", "{71910004-F8F6-4F0E-AE05-D25D3F3A6DDE}"
EndProject
Project("{FAE04EC0-301F-11D3-BF4B-00C04F79EFBC}") = "Client.Infrastructure", "src\Client\Client.Infrastructure\Client.Infrastructure.csproj", "{7A26C6C2-474C-4255-8390-B2A5099B1686}"
EndProject
Project("{2150E333-8FDC-42A3-9474-1A3956D46DE8}") = "Shared", "Shared", "{2FB3D838-AD7E-4F72-8257-26B40645E38F}"
EndProject
Project("{2150E333-8FDC-42A3-9474-1A3956D46DE8}") = "Solution Items", "Solution Items", "{CF83B928-E091-4014-8115-14C369842E54}"
	ProjectSection(SolutionItems) = preProject
		.editorconfig = .editorconfig
		README.md = README.md
	EndProjectSection
EndProject
Project("{E53339B2-1760-4266-BCC7-CA923CBCF16C}") = "docker-compose", "docker-compose.dcproj", "{234E9A17-716F-494C-8AB2-5CD3940B7119}"
EndProject
Project("{FAE04EC0-301F-11D3-BF4B-00C04F79EFBC}") = "Shared.EndpointMapper", "src\Shared\Shared.MapEndpoints\Shared.EndpointMapper.csproj", "{EF59A843-8C52-403B-A389-D368CBFE2B80}"
EndProject
Project("{2150E333-8FDC-42A3-9474-1A3956D46DE8}") = "Modules", "Modules", "{DA8BE70F-8CBB-4BA8-8265-3BAFA128842A}"
EndProject
Project("{2150E333-8FDC-42A3-9474-1A3956D46DE8}") = "Player", "Player", "{E9B23FDB-28DE-4863-9750-331A6FE430FB}"
EndProject
Project("{FAE04EC0-301F-11D3-BF4B-00C04F79EFBC}") = "Module.Player.Domain", "src\Server\Modules\Player\Module.Player.Domain\Module.Player.Domain.csproj", "{318A75FC-3DA9-4960-8887-BBC4C97D062D}"
EndProject
Project("{FAE04EC0-301F-11D3-BF4B-00C04F79EFBC}") = "Module.Player.Api", "src\Server\Modules\Player\Module.Player.Api\Module.Player.Api.csproj", "{B60B375A-92C0-4440-938C-853B6ABDDC43}"
EndProject
Project("{FAE04EC0-301F-11D3-BF4B-00C04F79EFBC}") = "Module.Player.GrpcContracts", "src\Server\Modules\Player\Module.Player.GrpcContracts\Module.Player.GrpcContracts.csproj", "{53F7FC5F-9C39-4605-8E9C-7A93F638536B}"
EndProject
Project("{FAE04EC0-301F-11D3-BF4B-00C04F79EFBC}") = "Module.Player.Application", "src\Server\Modules\Player\Module.Player.Application\Module.Player.Application.csproj", "{4C0BB5F1-FC4E-41F9-90A1-85705AFDF9FD}"
EndProject
Project("{FAE04EC0-301F-11D3-BF4B-00C04F79EFBC}") = "Module.Player.Infrastructure", "src\Server\Modules\Player\Module.Player.Infrastructure\Module.Player.Infrastructure.csproj", "{2B2C2104-36A7-422E-9D85-424C4B3A7B3F}"
EndProject
Project("{FAE04EC0-301F-11D3-BF4B-00C04F79EFBC}") = "Server.Shared.Errors", "src\Shared\Server.Shared.Errors\Server.Shared.Errors.csproj", "{9D197F93-6A5F-48DA-9C87-E55B76DC4E4E}"
EndProject
Project("{FAE04EC0-301F-11D3-BF4B-00C04F79EFBC}") = "Server.Shared.Cqrs", "src\Shared\Server.Shared.Cqrs\Server.Shared.Cqrs.csproj", "{823938AD-FCAF-438E-8EDD-71AD396EFEA1}"
EndProject
Project("{FAE04EC0-301F-11D3-BF4B-00C04F79EFBC}") = "Server.Module.Player.UnitTests", "src\Server\Modules\Player\Server.Module.Player.UnitTests\Server.Module.Player.UnitTests.csproj", "{8A887751-CA3F-4637-AC0D-7213CF740B57}"
EndProject
Global
	GlobalSection(SolutionConfigurationPlatforms) = preSolution
		Debug|Any CPU = Debug|Any CPU
		Release|Any CPU = Release|Any CPU
	EndGlobalSection
	GlobalSection(ProjectConfigurationPlatforms) = postSolution
		{344497CB-0B53-4ADC-9F2D-8CF86F67E108}.Debug|Any CPU.ActiveCfg = Debug|Any CPU
		{344497CB-0B53-4ADC-9F2D-8CF86F67E108}.Debug|Any CPU.Build.0 = Debug|Any CPU
		{344497CB-0B53-4ADC-9F2D-8CF86F67E108}.Release|Any CPU.ActiveCfg = Release|Any CPU
		{344497CB-0B53-4ADC-9F2D-8CF86F67E108}.Release|Any CPU.Build.0 = Release|Any CPU
		{71910004-F8F6-4F0E-AE05-D25D3F3A6DDE}.Debug|Any CPU.ActiveCfg = Debug|Any CPU
		{71910004-F8F6-4F0E-AE05-D25D3F3A6DDE}.Debug|Any CPU.Build.0 = Debug|Any CPU
		{71910004-F8F6-4F0E-AE05-D25D3F3A6DDE}.Release|Any CPU.ActiveCfg = Release|Any CPU
		{71910004-F8F6-4F0E-AE05-D25D3F3A6DDE}.Release|Any CPU.Build.0 = Release|Any CPU
		{7A26C6C2-474C-4255-8390-B2A5099B1686}.Debug|Any CPU.ActiveCfg = Debug|Any CPU
		{7A26C6C2-474C-4255-8390-B2A5099B1686}.Debug|Any CPU.Build.0 = Debug|Any CPU
		{7A26C6C2-474C-4255-8390-B2A5099B1686}.Release|Any CPU.ActiveCfg = Release|Any CPU
		{7A26C6C2-474C-4255-8390-B2A5099B1686}.Release|Any CPU.Build.0 = Release|Any CPU
		{234E9A17-716F-494C-8AB2-5CD3940B7119}.Debug|Any CPU.ActiveCfg = Debug|Any CPU
		{234E9A17-716F-494C-8AB2-5CD3940B7119}.Debug|Any CPU.Build.0 = Debug|Any CPU
		{234E9A17-716F-494C-8AB2-5CD3940B7119}.Release|Any CPU.ActiveCfg = Release|Any CPU
		{234E9A17-716F-494C-8AB2-5CD3940B7119}.Release|Any CPU.Build.0 = Release|Any CPU
		{EF59A843-8C52-403B-A389-D368CBFE2B80}.Debug|Any CPU.ActiveCfg = Debug|Any CPU
		{EF59A843-8C52-403B-A389-D368CBFE2B80}.Debug|Any CPU.Build.0 = Debug|Any CPU
		{EF59A843-8C52-403B-A389-D368CBFE2B80}.Release|Any CPU.ActiveCfg = Release|Any CPU
		{EF59A843-8C52-403B-A389-D368CBFE2B80}.Release|Any CPU.Build.0 = Release|Any CPU
		{318A75FC-3DA9-4960-8887-BBC4C97D062D}.Debug|Any CPU.ActiveCfg = Debug|Any CPU
		{318A75FC-3DA9-4960-8887-BBC4C97D062D}.Debug|Any CPU.Build.0 = Debug|Any CPU
		{318A75FC-3DA9-4960-8887-BBC4C97D062D}.Release|Any CPU.ActiveCfg = Release|Any CPU
		{318A75FC-3DA9-4960-8887-BBC4C97D062D}.Release|Any CPU.Build.0 = Release|Any CPU
		{B60B375A-92C0-4440-938C-853B6ABDDC43}.Debug|Any CPU.ActiveCfg = Debug|Any CPU
		{B60B375A-92C0-4440-938C-853B6ABDDC43}.Debug|Any CPU.Build.0 = Debug|Any CPU
		{B60B375A-92C0-4440-938C-853B6ABDDC43}.Release|Any CPU.ActiveCfg = Release|Any CPU
		{B60B375A-92C0-4440-938C-853B6ABDDC43}.Release|Any CPU.Build.0 = Release|Any CPU
		{53F7FC5F-9C39-4605-8E9C-7A93F638536B}.Debug|Any CPU.ActiveCfg = Debug|Any CPU
		{53F7FC5F-9C39-4605-8E9C-7A93F638536B}.Debug|Any CPU.Build.0 = Debug|Any CPU
		{53F7FC5F-9C39-4605-8E9C-7A93F638536B}.Release|Any CPU.ActiveCfg = Release|Any CPU
		{53F7FC5F-9C39-4605-8E9C-7A93F638536B}.Release|Any CPU.Build.0 = Release|Any CPU
		{4C0BB5F1-FC4E-41F9-90A1-85705AFDF9FD}.Debug|Any CPU.ActiveCfg = Debug|Any CPU
		{4C0BB5F1-FC4E-41F9-90A1-85705AFDF9FD}.Debug|Any CPU.Build.0 = Debug|Any CPU
		{4C0BB5F1-FC4E-41F9-90A1-85705AFDF9FD}.Release|Any CPU.ActiveCfg = Release|Any CPU
		{4C0BB5F1-FC4E-41F9-90A1-85705AFDF9FD}.Release|Any CPU.Build.0 = Release|Any CPU
		{2B2C2104-36A7-422E-9D85-424C4B3A7B3F}.Debug|Any CPU.ActiveCfg = Debug|Any CPU
		{2B2C2104-36A7-422E-9D85-424C4B3A7B3F}.Debug|Any CPU.Build.0 = Debug|Any CPU
		{2B2C2104-36A7-422E-9D85-424C4B3A7B3F}.Release|Any CPU.ActiveCfg = Release|Any CPU
		{2B2C2104-36A7-422E-9D85-424C4B3A7B3F}.Release|Any CPU.Build.0 = Release|Any CPU
		{9D197F93-6A5F-48DA-9C87-E55B76DC4E4E}.Debug|Any CPU.ActiveCfg = Debug|Any CPU
		{9D197F93-6A5F-48DA-9C87-E55B76DC4E4E}.Debug|Any CPU.Build.0 = Debug|Any CPU
		{9D197F93-6A5F-48DA-9C87-E55B76DC4E4E}.Release|Any CPU.ActiveCfg = Release|Any CPU
		{9D197F93-6A5F-48DA-9C87-E55B76DC4E4E}.Release|Any CPU.Build.0 = Release|Any CPU
		{823938AD-FCAF-438E-8EDD-71AD396EFEA1}.Debug|Any CPU.ActiveCfg = Debug|Any CPU
		{823938AD-FCAF-438E-8EDD-71AD396EFEA1}.Debug|Any CPU.Build.0 = Debug|Any CPU
		{823938AD-FCAF-438E-8EDD-71AD396EFEA1}.Release|Any CPU.ActiveCfg = Release|Any CPU
		{823938AD-FCAF-438E-8EDD-71AD396EFEA1}.Release|Any CPU.Build.0 = Release|Any CPU
		{8A887751-CA3F-4637-AC0D-7213CF740B57}.Debug|Any CPU.ActiveCfg = Debug|Any CPU
		{8A887751-CA3F-4637-AC0D-7213CF740B57}.Debug|Any CPU.Build.0 = Debug|Any CPU
		{8A887751-CA3F-4637-AC0D-7213CF740B57}.Release|Any CPU.ActiveCfg = Release|Any CPU
		{8A887751-CA3F-4637-AC0D-7213CF740B57}.Release|Any CPU.Build.0 = Release|Any CPU
	EndGlobalSection
	GlobalSection(SolutionProperties) = preSolution
		HideSolutionNode = FALSE
	EndGlobalSection
	GlobalSection(NestedProjects) = preSolution
		{344497CB-0B53-4ADC-9F2D-8CF86F67E108} = {1FFF7C6B-C665-4F70-8887-D8E29D08E253}
		{71910004-F8F6-4F0E-AE05-D25D3F3A6DDE} = {0E9130AD-5DD3-482C-80F8-B468227C763E}
		{7A26C6C2-474C-4255-8390-B2A5099B1686} = {1FFF7C6B-C665-4F70-8887-D8E29D08E253}
		{EF59A843-8C52-403B-A389-D368CBFE2B80} = {2FB3D838-AD7E-4F72-8257-26B40645E38F}
		{DA8BE70F-8CBB-4BA8-8265-3BAFA128842A} = {0E9130AD-5DD3-482C-80F8-B468227C763E}
		{E9B23FDB-28DE-4863-9750-331A6FE430FB} = {DA8BE70F-8CBB-4BA8-8265-3BAFA128842A}
		{318A75FC-3DA9-4960-8887-BBC4C97D062D} = {E9B23FDB-28DE-4863-9750-331A6FE430FB}
		{B60B375A-92C0-4440-938C-853B6ABDDC43} = {E9B23FDB-28DE-4863-9750-331A6FE430FB}
		{53F7FC5F-9C39-4605-8E9C-7A93F638536B} = {E9B23FDB-28DE-4863-9750-331A6FE430FB}
		{4C0BB5F1-FC4E-41F9-90A1-85705AFDF9FD} = {E9B23FDB-28DE-4863-9750-331A6FE430FB}
		{2B2C2104-36A7-422E-9D85-424C4B3A7B3F} = {E9B23FDB-28DE-4863-9750-331A6FE430FB}
		{9D197F93-6A5F-48DA-9C87-E55B76DC4E4E} = {2FB3D838-AD7E-4F72-8257-26B40645E38F}
		{823938AD-FCAF-438E-8EDD-71AD396EFEA1} = {2FB3D838-AD7E-4F72-8257-26B40645E38F}
		{8A887751-CA3F-4637-AC0D-7213CF740B57} = {E9B23FDB-28DE-4863-9750-331A6FE430FB}
	EndGlobalSection
	GlobalSection(ExtensibilityGlobals) = postSolution
		SolutionGuid = {6BDDA671-1A8A-4305-B616-A5449BD7CE3A}
	EndGlobalSection
EndGlobal
