
Microsoft Visual Studio Solution File, Format Version 12.00
# Visual Studio Version 17
VisualStudioVersion = 17.12.35527.113
MinimumVisualStudioVersion = 10.0.40219.1
Project("{2150E333-8FDC-42A3-9474-1A3956D46DE8}") = "Client", "Client", "{1FFF7C6B-C665-4F70-8887-D8E29D08E253}"
EndProject
Project("{FAE04EC0-301F-11D3-BF4B-00C04F79EFBC}") = "WpfClient", "src\Client\WpfClient\WpfClient.csproj", "{344497CB-0B53-4ADC-9F2D-8CF86F67E108}"
EndProject
Project("{2150E333-8FDC-42A3-9474-1A3956D46DE8}") = "Server", "Server", "{0E9130AD-5DD3-482C-80F8-B468227C763E}"
EndProject
Project("{FAE04EC0-301F-11D3-BF4B-00C04F79EFBC}") = "Server.Api", "src\Server\Server.Api\Server.Api.csproj", "{71910004-F8F6-4F0E-AE05-D25D3F3A6DDE}"
EndProject
Project("{FAE04EC0-301F-11D3-BF4B-00C04F79EFBC}") = "Server.Domain", "src\Server\Server.Domain\Server.Domain.csproj", "{603827D7-BEDC-4263-9C5B-5E1EA65DB93E}"
EndProject
Project("{FAE04EC0-301F-11D3-BF4B-00C04F79EFBC}") = "Client.Infrastructure", "src\Client\Client.Infrastructure\Client.Infrastructure.csproj", "{7A26C6C2-474C-4255-8390-B2A5099B1686}"
EndProject
Global
	GlobalSection(SolutionConfigurationPlatforms) = preSolution
		Debug|Any CPU = Debug|Any CPU
		Release|Any CPU = Release|Any CPU
	EndGlobalSection
	GlobalSection(ProjectConfigurationPlatforms) = postSolution
		{344497CB-0B53-4ADC-9F2D-8CF86F67E108}.Debug|Any CPU.ActiveCfg = Debug|Any CPU
		{344497CB-0B53-4ADC-9F2D-8CF86F67E108}.Debug|Any CPU.Build.0 = Debug|Any CPU
		{344497CB-0B53-4ADC-9F2D-8CF86F67E108}.Release|Any CPU.ActiveCfg = Release|Any CPU
		{344497CB-0B53-4ADC-9F2D-8CF86F67E108}.Release|Any CPU.Build.0 = Release|Any CPU
		{71910004-F8F6-4F0E-AE05-D25D3F3A6DDE}.Debug|Any CPU.ActiveCfg = Debug|Any CPU
		{71910004-F8F6-4F0E-AE05-D25D3F3A6DDE}.Debug|Any CPU.Build.0 = Debug|Any CPU
		{71910004-F8F6-4F0E-AE05-D25D3F3A6DDE}.Release|Any CPU.ActiveCfg = Release|Any CPU
		{71910004-F8F6-4F0E-AE05-D25D3F3A6DDE}.Release|Any CPU.Build.0 = Release|Any CPU
		{603827D7-BEDC-4263-9C5B-5E1EA65DB93E}.Debug|Any CPU.ActiveCfg = Debug|Any CPU
		{603827D7-BEDC-4263-9C5B-5E1EA65DB93E}.Debug|Any CPU.Build.0 = Debug|Any CPU
		{603827D7-BEDC-4263-9C5B-5E1EA65DB93E}.Release|Any CPU.ActiveCfg = Release|Any CPU
		{603827D7-BEDC-4263-9C5B-5E1EA65DB93E}.Release|Any CPU.Build.0 = Release|Any CPU
		{7A26C6C2-474C-4255-8390-B2A5099B1686}.Debug|Any CPU.ActiveCfg = Debug|Any CPU
		{7A26C6C2-474C-4255-8390-B2A5099B1686}.Debug|Any CPU.Build.0 = Debug|Any CPU
		{7A26C6C2-474C-4255-8390-B2A5099B1686}.Release|Any CPU.ActiveCfg = Release|Any CPU
		{7A26C6C2-474C-4255-8390-B2A5099B1686}.Release|Any CPU.Build.0 = Release|Any CPU
	EndGlobalSection
	GlobalSection(SolutionProperties) = preSolution
		HideSolutionNode = FALSE
	EndGlobalSection
	GlobalSection(NestedProjects) = preSolution
		{344497CB-0B53-4ADC-9F2D-8CF86F67E108} = {1FFF7C6B-C665-4F70-8887-D8E29D08E253}
		{71910004-F8F6-4F0E-AE05-D25D3F3A6DDE} = {0E9130AD-5DD3-482C-80F8-B468227C763E}
		{603827D7-BEDC-4263-9C5B-5E1EA65DB93E} = {0E9130AD-5DD3-482C-80F8-B468227C763E}
		{7A26C6C2-474C-4255-8390-B2A5099B1686} = {1FFF7C6B-C665-4F70-8887-D8E29D08E253}
	EndGlobalSection
EndGlobal
