
Microsoft Visual Studio Solution File, Format Version 12.00
# Visual Studio Version 17
VisualStudioVersion = 17.12.35527.113
MinimumVisualStudioVersion = 10.0.40219.1
Project("{2150E333-8FDC-42A3-9474-1A3956D46DE8}") = "Client", "Client", "{1FFF7C6B-C665-4F70-8887-D8E29D08E253}"
EndProject
Project("{FAE04EC0-301F-11D3-BF4B-00C04F79EFBC}") = "WpfClient", "src\Client\WpfClient\WpfClient.csproj", "{344497CB-0B53-4ADC-9F2D-8CF86F67E108}"
EndProject
Project("{2150E333-8FDC-42A3-9474-1A3956D46DE8}") = "Server", "Server", "{0E9130AD-5DD3-482C-80F8-B468227C763E}"
EndProject
Project("{FAE04EC0-301F-11D3-BF4B-00C04F79EFBC}") = "Server.Api", "src\Server\Server.Api\Server.Api.csproj", "{71910004-F8F6-4F0E-AE05-D25D3F3A6DDE}"
EndProject
Project("{FAE04EC0-301F-11D3-BF4B-00C04F79EFBC}") = "Client.Infrastructure", "src\Client\Client.Infrastructure\Client.Infrastructure.csproj", "{7A26C6C2-474C-4255-8390-B2A5099B1686}"
EndProject
Project("{2150E333-8FDC-42A3-9474-1A3956D46DE8}") = "Shared", "Shared", "{2FB3D838-AD7E-4F72-8257-26B40645E38F}"
EndProject
Project("{FAE04EC0-301F-11D3-BF4B-00C04F79EFBC}") = "Shared.GrpcContracts", "src\Shared\GrpcContracts\Shared.GrpcContracts.csproj", "{547F48FF-92BC-4D71-BDCD-48A2D91F4948}"
EndProject
Project("{2150E333-8FDC-42A3-9474-1A3956D46DE8}") = "Solution Items", "Solution Items", "{CF83B928-E091-4014-8115-14C369842E54}"
	ProjectSection(SolutionItems) = preProject
		.editorconfig = .editorconfig
		README.md = README.md
	EndProjectSection
EndProject
Project("{E53339B2-1760-4266-BCC7-CA923CBCF16C}") = "docker-compose", "docker-compose.dcproj", "{234E9A17-716F-494C-8AB2-5CD3940B7119}"
EndProject
Project("{FAE04EC0-301F-11D3-BF4B-00C04F79EFBC}") = "Server.User.Domain", "src\Server\Server.User.Domain\Server.User.Domain.csproj", "{334B4C7D-3E01-4DC5-BA48-F15ABE708E65}"
EndProject
Project("{FAE04EC0-301F-11D3-BF4B-00C04F79EFBC}") = "Server.Player.Domain", "src\Server\Server.Player.Domain\Server.Player.Domain.csproj", "{79151430-0B0B-4F5A-A99F-EA523749F232}"
EndProject
Project("{FAE04EC0-301F-11D3-BF4B-00C04F79EFBC}") = "Server.Parser.Citylink", "src\Server\Server.Parser.Citylink\Server.Parser.Citylink.csproj", "{75E8F7D6-9C65-4298-9B99-9C3C21492A57}"
EndProject
Project("{2150E333-8FDC-42A3-9474-1A3956D46DE8}") = "Parsers", "Parsers", "{6973EAF1-AF8C-4653-A76F-7C5480917D30}"
EndProject
Project("{2150E333-8FDC-42A3-9474-1A3956D46DE8}") = "Domain", "Domain", "{36971E18-82A5-4D13-AAEB-2F790972E4CC}"
EndProject
Global
	GlobalSection(SolutionConfigurationPlatforms) = preSolution
		Debug|Any CPU = Debug|Any CPU
		Release|Any CPU = Release|Any CPU
	EndGlobalSection
	GlobalSection(ProjectConfigurationPlatforms) = postSolution
		{344497CB-0B53-4ADC-9F2D-8CF86F67E108}.Debug|Any CPU.ActiveCfg = Debug|Any CPU
		{344497CB-0B53-4ADC-9F2D-8CF86F67E108}.Debug|Any CPU.Build.0 = Debug|Any CPU
		{344497CB-0B53-4ADC-9F2D-8CF86F67E108}.Release|Any CPU.ActiveCfg = Release|Any CPU
		{344497CB-0B53-4ADC-9F2D-8CF86F67E108}.Release|Any CPU.Build.0 = Release|Any CPU
		{71910004-F8F6-4F0E-AE05-D25D3F3A6DDE}.Debug|Any CPU.ActiveCfg = Debug|Any CPU
		{71910004-F8F6-4F0E-AE05-D25D3F3A6DDE}.Debug|Any CPU.Build.0 = Debug|Any CPU
		{71910004-F8F6-4F0E-AE05-D25D3F3A6DDE}.Release|Any CPU.ActiveCfg = Release|Any CPU
		{71910004-F8F6-4F0E-AE05-D25D3F3A6DDE}.Release|Any CPU.Build.0 = Release|Any CPU
		{7A26C6C2-474C-4255-8390-B2A5099B1686}.Debug|Any CPU.ActiveCfg = Debug|Any CPU
		{7A26C6C2-474C-4255-8390-B2A5099B1686}.Debug|Any CPU.Build.0 = Debug|Any CPU
		{7A26C6C2-474C-4255-8390-B2A5099B1686}.Release|Any CPU.ActiveCfg = Release|Any CPU
		{7A26C6C2-474C-4255-8390-B2A5099B1686}.Release|Any CPU.Build.0 = Release|Any CPU
		{547F48FF-92BC-4D71-BDCD-48A2D91F4948}.Debug|Any CPU.ActiveCfg = Debug|Any CPU
		{547F48FF-92BC-4D71-BDCD-48A2D91F4948}.Debug|Any CPU.Build.0 = Debug|Any CPU
		{547F48FF-92BC-4D71-BDCD-48A2D91F4948}.Release|Any CPU.ActiveCfg = Release|Any CPU
		{547F48FF-92BC-4D71-BDCD-48A2D91F4948}.Release|Any CPU.Build.0 = Release|Any CPU
		{234E9A17-716F-494C-8AB2-5CD3940B7119}.Debug|Any CPU.ActiveCfg = Debug|Any CPU
		{234E9A17-716F-494C-8AB2-5CD3940B7119}.Debug|Any CPU.Build.0 = Debug|Any CPU
		{234E9A17-716F-494C-8AB2-5CD3940B7119}.Release|Any CPU.ActiveCfg = Release|Any CPU
		{234E9A17-716F-494C-8AB2-5CD3940B7119}.Release|Any CPU.Build.0 = Release|Any CPU
		{334B4C7D-3E01-4DC5-BA48-F15ABE708E65}.Debug|Any CPU.ActiveCfg = Debug|Any CPU
		{334B4C7D-3E01-4DC5-BA48-F15ABE708E65}.Debug|Any CPU.Build.0 = Debug|Any CPU
		{334B4C7D-3E01-4DC5-BA48-F15ABE708E65}.Release|Any CPU.ActiveCfg = Release|Any CPU
		{334B4C7D-3E01-4DC5-BA48-F15ABE708E65}.Release|Any CPU.Build.0 = Release|Any CPU
		{79151430-0B0B-4F5A-A99F-EA523749F232}.Debug|Any CPU.ActiveCfg = Debug|Any CPU
		{79151430-0B0B-4F5A-A99F-EA523749F232}.Debug|Any CPU.Build.0 = Debug|Any CPU
		{79151430-0B0B-4F5A-A99F-EA523749F232}.Release|Any CPU.ActiveCfg = Release|Any CPU
		{79151430-0B0B-4F5A-A99F-EA523749F232}.Release|Any CPU.Build.0 = Release|Any CPU
		{75E8F7D6-9C65-4298-9B99-9C3C21492A57}.Debug|Any CPU.ActiveCfg = Debug|Any CPU
		{75E8F7D6-9C65-4298-9B99-9C3C21492A57}.Debug|Any CPU.Build.0 = Debug|Any CPU
		{75E8F7D6-9C65-4298-9B99-9C3C21492A57}.Release|Any CPU.ActiveCfg = Release|Any CPU
		{75E8F7D6-9C65-4298-9B99-9C3C21492A57}.Release|Any CPU.Build.0 = Release|Any CPU
	EndGlobalSection
	GlobalSection(SolutionProperties) = preSolution
		HideSolutionNode = FALSE
	EndGlobalSection
	GlobalSection(NestedProjects) = preSolution
		{344497CB-0B53-4ADC-9F2D-8CF86F67E108} = {1FFF7C6B-C665-4F70-8887-D8E29D08E253}
		{71910004-F8F6-4F0E-AE05-D25D3F3A6DDE} = {0E9130AD-5DD3-482C-80F8-B468227C763E}
		{7A26C6C2-474C-4255-8390-B2A5099B1686} = {1FFF7C6B-C665-4F70-8887-D8E29D08E253}
		{547F48FF-92BC-4D71-BDCD-48A2D91F4948} = {2FB3D838-AD7E-4F72-8257-26B40645E38F}
		{334B4C7D-3E01-4DC5-BA48-F15ABE708E65} = {36971E18-82A5-4D13-AAEB-2F790972E4CC}
		{79151430-0B0B-4F5A-A99F-EA523749F232} = {36971E18-82A5-4D13-AAEB-2F790972E4CC}
		{75E8F7D6-9C65-4298-9B99-9C3C21492A57} = {6973EAF1-AF8C-4653-A76F-7C5480917D30}
		{6973EAF1-AF8C-4653-A76F-7C5480917D30} = {0E9130AD-5DD3-482C-80F8-B468227C763E}
		{36971E18-82A5-4D13-AAEB-2F790972E4CC} = {0E9130AD-5DD3-482C-80F8-B468227C763E}
	EndGlobalSection
EndGlobal
